
Microsoft Visual Studio Solution File, Format Version 12.00
# Visual Studio Version 17
VisualStudioVersion = 17.4.33110.190
MinimumVisualStudioVersion = 10.0.40219.1
Project("{9A19103F-16F7-4668-BE54-9A1E7A4F7556}") = "RiseTech.Data", "RiseTech.Data\RiseTech.Data.csproj", "{9F6C9A04-C1FB-4398-967B-1079996DD0FB}"
EndProject
Project("{9A19103F-16F7-4668-BE54-9A1E7A4F7556}") = "RiseTech.Services", "RiseTech.Services\RiseTech.Services.csproj", "{66A6417E-90DF-4A6A-84A6-ECCA40B12E0D}"
EndProject
Project("{9A19103F-16F7-4668-BE54-9A1E7A4F7556}") = "RiseTech.Consumer", "RiseTech.Consumer\RiseTech.Consumer.csproj", "{AC2988A2-B9F2-4C11-9E3E-46FE29A6AE19}"
EndProject
Project("{FAE04EC0-301F-11D3-BF4B-00C04F79EFBC}") = "RiseTech.ServicesTest", "RiseTech.ServicesTest\RiseTech.ServicesTest.csproj", "{A75312BD-5CAF-43B0-8C56-D5AC82845658}"
EndProject
Global
	GlobalSection(SolutionConfigurationPlatforms) = preSolution
		Debug|Any CPU = Debug|Any CPU
		Release|Any CPU = Release|Any CPU
	EndGlobalSection
	GlobalSection(ProjectConfigurationPlatforms) = postSolution
		{9F6C9A04-C1FB-4398-967B-1079996DD0FB}.Debug|Any CPU.ActiveCfg = Debug|Any CPU
		{9F6C9A04-C1FB-4398-967B-1079996DD0FB}.Debug|Any CPU.Build.0 = Debug|Any CPU
		{9F6C9A04-C1FB-4398-967B-1079996DD0FB}.Release|Any CPU.ActiveCfg = Release|Any CPU
		{9F6C9A04-C1FB-4398-967B-1079996DD0FB}.Release|Any CPU.Build.0 = Release|Any CPU
		{66A6417E-90DF-4A6A-84A6-ECCA40B12E0D}.Debug|Any CPU.ActiveCfg = Debug|Any CPU
		{66A6417E-90DF-4A6A-84A6-ECCA40B12E0D}.Debug|Any CPU.Build.0 = Debug|Any CPU
		{66A6417E-90DF-4A6A-84A6-ECCA40B12E0D}.Release|Any CPU.ActiveCfg = Release|Any CPU
		{66A6417E-90DF-4A6A-84A6-ECCA40B12E0D}.Release|Any CPU.Build.0 = Release|Any CPU
		{AC2988A2-B9F2-4C11-9E3E-46FE29A6AE19}.Debug|Any CPU.ActiveCfg = Debug|Any CPU
		{AC2988A2-B9F2-4C11-9E3E-46FE29A6AE19}.Debug|Any CPU.Build.0 = Debug|Any CPU
		{AC2988A2-B9F2-4C11-9E3E-46FE29A6AE19}.Release|Any CPU.ActiveCfg = Release|Any CPU
		{AC2988A2-B9F2-4C11-9E3E-46FE29A6AE19}.Release|Any CPU.Build.0 = Release|Any CPU
		{A75312BD-5CAF-43B0-8C56-D5AC82845658}.Debug|Any CPU.ActiveCfg = Debug|Any CPU
		{A75312BD-5CAF-43B0-8C56-D5AC82845658}.Debug|Any CPU.Build.0 = Debug|Any CPU
		{A75312BD-5CAF-43B0-8C56-D5AC82845658}.Release|Any CPU.ActiveCfg = Release|Any CPU
		{A75312BD-5CAF-43B0-8C56-D5AC82845658}.Release|Any CPU.Build.0 = Release|Any CPU
	EndGlobalSection
	GlobalSection(SolutionProperties) = preSolution
		HideSolutionNode = FALSE
	EndGlobalSection
	GlobalSection(ExtensibilityGlobals) = postSolution
		SolutionGuid = {0D44C7F9-63C0-44C8-BFE8-CBFDB5A52B16}
	EndGlobalSection
EndGlobal
